// !$*UTF8*$!
{
	archiveVersion = 1;
	classes = {
	};
	objectVersion = 46;
	objects = {

/* Begin PBXBuildFile section */
		DF0B1DE52088047000B53C1A /* (null) in Resources */ = {isa = PBXBuildFile; };
		DF19A8D1172D7B89005BC075 /* GoferWindow.m in Sources */ = {isa = PBXBuildFile; fileRef = DF19A8D0172D7B89005BC075 /* GoferWindow.m */; };
		DF1E6BE820880502002856F1 /* unicode.c in Sources */ = {isa = PBXBuildFile; fileRef = DF1E6BE720880502002856F1 /* unicode.c */; };
		DF2B5D951370D3CC00122E43 /* combine.c in Sources */ = {isa = PBXBuildFile; fileRef = DF2B5D881370D3CC00122E43 /* combine.c */; };
		DF2B5D961370D3CC00122E43 /* errwarn.c in Sources */ = {isa = PBXBuildFile; fileRef = DF2B5D891370D3CC00122E43 /* errwarn.c */; };
		DF2B5D971370D3CC00122E43 /* expr.c in Sources */ = {isa = PBXBuildFile; fileRef = DF2B5D8A1370D3CC00122E43 /* expr.c */; };
		DF2B5D981370D3CC00122E43 /* filelist.c in Sources */ = {isa = PBXBuildFile; fileRef = DF2B5D8B1370D3CC00122E43 /* filelist.c */; };
		DF2B5D991370D3CC00122E43 /* lex.c in Sources */ = {isa = PBXBuildFile; fileRef = DF2B5D8D1370D3CC00122E43 /* lex.c */; };
		DF2B5D9B1370D3CC00122E43 /* near.c in Sources */ = {isa = PBXBuildFile; fileRef = DF2B5D901370D3CC00122E43 /* near.c */; };
		DF2B5D9D1370D3CC00122E43 /* searchfile.c in Sources */ = {isa = PBXBuildFile; fileRef = DF2B5D921370D3CC00122E43 /* searchfile.c */; };
		DF2B5D9E1370D3CC00122E43 /* tree.c in Sources */ = {isa = PBXBuildFile; fileRef = DF2B5D941370D3CC00122E43 /* tree.c */; };
		DF3CB20019624FA9003BC2DC /* Cocoa.framework in Frameworks */ = {isa = PBXBuildFile; fileRef = DF3CB1FC19624FA9003BC2DC /* Cocoa.framework */; };
		DF3CB20119624FA9003BC2DC /* AppKit.framework in Frameworks */ = {isa = PBXBuildFile; fileRef = DF3CB1FD19624FA9003BC2DC /* AppKit.framework */; };
		DF3CB20219624FA9003BC2DC /* CoreData.framework in Frameworks */ = {isa = PBXBuildFile; fileRef = DF3CB1FE19624FA9003BC2DC /* CoreData.framework */; };
		DF3CB20319624FA9003BC2DC /* Foundation.framework in Frameworks */ = {isa = PBXBuildFile; fileRef = DF3CB1FF19624FA9003BC2DC /* Foundation.framework */; };
		DF4E920113AD2A1D007F3E0F /* Credits.rtf in Resources */ = {isa = PBXBuildFile; fileRef = DF4E91F613AD2A1D007F3E0F /* Credits.rtf */; };
		DF4E920213AD2A1D007F3E0F /* InfoPlist.strings in Resources */ = {isa = PBXBuildFile; fileRef = DF4E91F813AD2A1D007F3E0F /* InfoPlist.strings */; };
		DF4E920313AD2A1D007F3E0F /* MainMenu.xib in Resources */ = {isa = PBXBuildFile; fileRef = DF4E91FA13AD2A1D007F3E0F /* MainMenu.xib */; };
		DF4E920513AD2A1D007F3E0F /* GoferAppDelegate.m in Sources */ = {isa = PBXBuildFile; fileRef = DF4E91FF13AD2A1D007F3E0F /* GoferAppDelegate.m */; };
		DF4E920613AD2A1D007F3E0F /* main.m in Sources */ = {isa = PBXBuildFile; fileRef = DF4E920013AD2A1D007F3E0F /* main.m */; };
		DF57EBD416D2F0FC00E09039 /* GoferUI.m in Sources */ = {isa = PBXBuildFile; fileRef = DF57EBD316D2F0FC00E09039 /* GoferUI.m */; };
		DF7553FA136DE8BB00DDF1FE /* InfoPlist.strings in Resources */ = {isa = PBXBuildFile; fileRef = DF7553F8136DE8BB00DDF1FE /* InfoPlist.strings */; };
		DF7553FD136DE8BB00DDF1FE /* GoferTests.h in Resources */ = {isa = PBXBuildFile; fileRef = DF7553FC136DE8BB00DDF1FE /* GoferTests.h */; };
		DF7553FF136DE8BB00DDF1FE /* GoferTests.m in Sources */ = {isa = PBXBuildFile; fileRef = DF7553FE136DE8BB00DDF1FE /* GoferTests.m */; };
		DF755409136DEA7000DDF1FE /* Gofer.icns in Resources */ = {isa = PBXBuildFile; fileRef = DF755408136DEA7000DDF1FE /* Gofer.icns */; };
		DFD6477F16D5CA1B00016AAE /* WinDelegate.m in Sources */ = {isa = PBXBuildFile; fileRef = DFD6477E16D5CA1B00016AAE /* WinDelegate.m */; };
		DFFBC798195FB201007412CF /* GoferUI.xib in Resources */ = {isa = PBXBuildFile; fileRef = DFFBC797195FB201007412CF /* GoferUI.xib */; };
/* End PBXBuildFile section */

/* Begin PBXContainerItemProxy section */
		DF7553F3136DE8BB00DDF1FE /* PBXContainerItemProxy */ = {
			isa = PBXContainerItemProxy;
			containerPortal = DF7553C7136DE8BA00DDF1FE /* Project object */;
			proxyType = 1;
			remoteGlobalIDString = DF7553CF136DE8BB00DDF1FE;
			remoteInfo = Gofer;
		};
/* End PBXContainerItemProxy section */

/* Begin PBXFileReference section */
		DF19A8CF172D7B89005BC075 /* GoferWindow.h */ = {isa = PBXFileReference; fileEncoding = 4; lastKnownFileType = sourcecode.c.h; path = GoferWindow.h; sourceTree = "<group>"; };
		DF19A8D0172D7B89005BC075 /* GoferWindow.m */ = {isa = PBXFileReference; fileEncoding = 4; lastKnownFileType = sourcecode.c.objc; path = GoferWindow.m; sourceTree = "<group>"; };
		DF1E6BE720880502002856F1 /* unicode.c */ = {isa = PBXFileReference; fileEncoding = 4; lastKnownFileType = sourcecode.c.c; path = unicode.c; sourceTree = SOURCE_ROOT; };
		DF2B5D881370D3CC00122E43 /* combine.c */ = {isa = PBXFileReference; fileEncoding = 4; lastKnownFileType = sourcecode.c.c; path = combine.c; sourceTree = SOURCE_ROOT; };
		DF2B5D891370D3CC00122E43 /* errwarn.c */ = {isa = PBXFileReference; fileEncoding = 4; lastKnownFileType = sourcecode.c.c; path = errwarn.c; sourceTree = SOURCE_ROOT; };
		DF2B5D8A1370D3CC00122E43 /* expr.c */ = {isa = PBXFileReference; fileEncoding = 4; lastKnownFileType = sourcecode.c.c; path = expr.c; sourceTree = SOURCE_ROOT; };
		DF2B5D8B1370D3CC00122E43 /* filelist.c */ = {isa = PBXFileReference; fileEncoding = 4; lastKnownFileType = sourcecode.c.c; path = filelist.c; sourceTree = SOURCE_ROOT; };
		DF2B5D8C1370D3CC00122E43 /* filelist.h */ = {isa = PBXFileReference; fileEncoding = 4; lastKnownFileType = sourcecode.c.h; path = filelist.h; sourceTree = SOURCE_ROOT; };
		DF2B5D8D1370D3CC00122E43 /* lex.c */ = {isa = PBXFileReference; fileEncoding = 4; lastKnownFileType = sourcecode.c.c; path = lex.c; sourceTree = SOURCE_ROOT; };
		DF2B5D8E1370D3CC00122E43 /* lex.h */ = {isa = PBXFileReference; fileEncoding = 4; lastKnownFileType = sourcecode.c.h; path = lex.h; sourceTree = SOURCE_ROOT; };
		DF2B5D901370D3CC00122E43 /* near.c */ = {isa = PBXFileReference; fileEncoding = 4; lastKnownFileType = sourcecode.c.c; path = near.c; sourceTree = SOURCE_ROOT; };
		DF2B5D921370D3CC00122E43 /* searchfile.c */ = {isa = PBXFileReference; fileEncoding = 4; lastKnownFileType = sourcecode.c.c; path = searchfile.c; sourceTree = SOURCE_ROOT; };
		DF2B5D931370D3CC00122E43 /* st.h */ = {isa = PBXFileReference; fileEncoding = 4; lastKnownFileType = sourcecode.c.h; path = st.h; sourceTree = SOURCE_ROOT; };
		DF2B5D941370D3CC00122E43 /* tree.c */ = {isa = PBXFileReference; fileEncoding = 4; lastKnownFileType = sourcecode.c.c; path = tree.c; sourceTree = SOURCE_ROOT; };
		DF3CB1FC19624FA9003BC2DC /* Cocoa.framework */ = {isa = PBXFileReference; lastKnownFileType = wrapper.framework; name = Cocoa.framework; path = ../../../../System/Library/Frameworks/Cocoa.framework; sourceTree = "<group>"; };
		DF3CB1FD19624FA9003BC2DC /* AppKit.framework */ = {isa = PBXFileReference; lastKnownFileType = wrapper.framework; name = AppKit.framework; path = ../../../../System/Library/Frameworks/AppKit.framework; sourceTree = "<group>"; };
		DF3CB1FE19624FA9003BC2DC /* CoreData.framework */ = {isa = PBXFileReference; lastKnownFileType = wrapper.framework; name = CoreData.framework; path = ../../../../System/Library/Frameworks/CoreData.framework; sourceTree = "<group>"; };
		DF3CB1FF19624FA9003BC2DC /* Foundation.framework */ = {isa = PBXFileReference; lastKnownFileType = wrapper.framework; name = Foundation.framework; path = ../../../../System/Library/Frameworks/Foundation.framework; sourceTree = "<group>"; };
		DF4E91F713AD2A1D007F3E0F /* en */ = {isa = PBXFileReference; lastKnownFileType = text.rtf; name = en; path = en.lproj/Credits.rtf; sourceTree = "<group>"; };
		DF4E91F913AD2A1D007F3E0F /* en */ = {isa = PBXFileReference; lastKnownFileType = text.plist.strings; name = en; path = en.lproj/InfoPlist.strings; sourceTree = "<group>"; };
		DF4E91FB13AD2A1D007F3E0F /* en */ = {isa = PBXFileReference; lastKnownFileType = file.xib; name = en; path = en.lproj/MainMenu.xib; sourceTree = "<group>"; };
		DF4E91FC13AD2A1D007F3E0F /* Gofer-Info.plist */ = {isa = PBXFileReference; fileEncoding = 4; lastKnownFileType = text.plist.xml; path = "Gofer-Info.plist"; sourceTree = "<group>"; };
		DF4E91FD13AD2A1D007F3E0F /* Gofer-Prefix.pch */ = {isa = PBXFileReference; fileEncoding = 4; lastKnownFileType = sourcecode.c.h; path = "Gofer-Prefix.pch"; sourceTree = "<group>"; };
		DF4E91FE13AD2A1D007F3E0F /* GoferAppDelegate.h */ = {isa = PBXFileReference; fileEncoding = 4; lastKnownFileType = sourcecode.c.h; path = GoferAppDelegate.h; sourceTree = "<group>"; };
		DF4E91FF13AD2A1D007F3E0F /* GoferAppDelegate.m */ = {isa = PBXFileReference; fileEncoding = 4; lastKnownFileType = sourcecode.c.objc; path = GoferAppDelegate.m; sourceTree = "<group>"; };
		DF4E920013AD2A1D007F3E0F /* main.m */ = {isa = PBXFileReference; fileEncoding = 4; lastKnownFileType = sourcecode.c.objc; path = main.m; sourceTree = "<group>"; };
		DF57EBD216D2F0FC00E09039 /* GoferUI.h */ = {isa = PBXFileReference; fileEncoding = 4; lastKnownFileType = sourcecode.c.h; path = GoferUI.h; sourceTree = "<group>"; };
		DF57EBD316D2F0FC00E09039 /* GoferUI.m */ = {isa = PBXFileReference; fileEncoding = 4; lastKnownFileType = sourcecode.c.objc; path = GoferUI.m; sourceTree = "<group>"; };
		DF7553D0136DE8BB00DDF1FE /* Gofer.app */ = {isa = PBXFileReference; explicitFileType = wrapper.application; includeInIndex = 0; path = Gofer.app; sourceTree = BUILT_PRODUCTS_DIR; };
		DF7553F1136DE8BB00DDF1FE /* GoferTests.octest */ = {isa = PBXFileReference; explicitFileType = wrapper.cfbundle; includeInIndex = 0; path = GoferTests.octest; sourceTree = BUILT_PRODUCTS_DIR; };
		DF7553F7136DE8BB00DDF1FE /* GoferTests-Info.plist */ = {isa = PBXFileReference; lastKnownFileType = text.plist.xml; path = "GoferTests-Info.plist"; sourceTree = "<group>"; };
		DF7553F9136DE8BB00DDF1FE /* en */ = {isa = PBXFileReference; lastKnownFileType = text.plist.strings; name = en; path = en.lproj/InfoPlist.strings; sourceTree = "<group>"; };
		DF7553FB136DE8BB00DDF1FE /* GoferTests-Prefix.pch */ = {isa = PBXFileReference; lastKnownFileType = sourcecode.c.h; path = "GoferTests-Prefix.pch"; sourceTree = "<group>"; };
		DF7553FC136DE8BB00DDF1FE /* GoferTests.h */ = {isa = PBXFileReference; lastKnownFileType = sourcecode.c.h; path = GoferTests.h; sourceTree = "<group>"; };
		DF7553FE136DE8BB00DDF1FE /* GoferTests.m */ = {isa = PBXFileReference; lastKnownFileType = sourcecode.c.objc; path = GoferTests.m; sourceTree = "<group>"; };
		DF755408136DEA7000DDF1FE /* Gofer.icns */ = {isa = PBXFileReference; lastKnownFileType = image.icns; path = Gofer.icns; sourceTree = "<group>"; };
		DFD6477D16D5CA1B00016AAE /* WinDelegate.h */ = {isa = PBXFileReference; fileEncoding = 4; lastKnownFileType = sourcecode.c.h; path = WinDelegate.h; sourceTree = "<group>"; };
		DFD6477E16D5CA1B00016AAE /* WinDelegate.m */ = {isa = PBXFileReference; fileEncoding = 4; lastKnownFileType = sourcecode.c.objc; path = WinDelegate.m; sourceTree = "<group>"; };
		DFFBC797195FB201007412CF /* GoferUI.xib */ = {isa = PBXFileReference; fileEncoding = 4; lastKnownFileType = file.xib; path = GoferUI.xib; sourceTree = "<group>"; };
/* End PBXFileReference section */

/* Begin PBXFrameworksBuildPhase section */
		DF7553CD136DE8BB00DDF1FE /* Frameworks */ = {
			isa = PBXFrameworksBuildPhase;
			buildActionMask = 2147483647;
			files = (
				DF3CB20019624FA9003BC2DC /* Cocoa.framework in Frameworks */,
				DF3CB20219624FA9003BC2DC /* CoreData.framework in Frameworks */,
				DF3CB20119624FA9003BC2DC /* AppKit.framework in Frameworks */,
				DF3CB20319624FA9003BC2DC /* Foundation.framework in Frameworks */,
			);
			runOnlyForDeploymentPostprocessing = 0;
		};
		DF7553ED136DE8BB00DDF1FE /* Frameworks */ = {
			isa = PBXFrameworksBuildPhase;
			buildActionMask = 2147483647;
			files = (
			);
			runOnlyForDeploymentPostprocessing = 0;
		};
/* End PBXFrameworksBuildPhase section */

/* Begin PBXGroup section */
		DF2B5CA71370D34900122E43 /* libgofer */ = {
			isa = PBXGroup;
			children = (
				DF1E6BE720880502002856F1 /* unicode.c */,
				DF2B5D881370D3CC00122E43 /* combine.c */,
				DF2B5D891370D3CC00122E43 /* errwarn.c */,
				DF2B5D8A1370D3CC00122E43 /* expr.c */,
				DF2B5D8B1370D3CC00122E43 /* filelist.c */,
				DF2B5D8C1370D3CC00122E43 /* filelist.h */,
				DF2B5D8D1370D3CC00122E43 /* lex.c */,
				DF2B5D8E1370D3CC00122E43 /* lex.h */,
				DF2B5D901370D3CC00122E43 /* near.c */,
				DF2B5D921370D3CC00122E43 /* searchfile.c */,
				DF2B5D931370D3CC00122E43 /* st.h */,
				DF2B5D941370D3CC00122E43 /* tree.c */,
			);
			name = libgofer;
			sourceTree = "<group>";
		};
		DF4E91F513AD2A1D007F3E0F /* Cocoa */ = {
			isa = PBXGroup;
			children = (
				DF19A8CF172D7B89005BC075 /* GoferWindow.h */,
				DF19A8D0172D7B89005BC075 /* GoferWindow.m */,
				DFD6477D16D5CA1B00016AAE /* WinDelegate.h */,
				DFD6477E16D5CA1B00016AAE /* WinDelegate.m */,
				DF57EBD216D2F0FC00E09039 /* GoferUI.h */,
				DF57EBD316D2F0FC00E09039 /* GoferUI.m */,
				DF4E91F613AD2A1D007F3E0F /* Credits.rtf */,
				DF4E91F813AD2A1D007F3E0F /* InfoPlist.strings */,
				DF4E91FA13AD2A1D007F3E0F /* MainMenu.xib */,
				DF4E91FC13AD2A1D007F3E0F /* Gofer-Info.plist */,
				DF4E91FD13AD2A1D007F3E0F /* Gofer-Prefix.pch */,
				DF4E91FE13AD2A1D007F3E0F /* GoferAppDelegate.h */,
				DF4E91FF13AD2A1D007F3E0F /* GoferAppDelegate.m */,
				DF4E920013AD2A1D007F3E0F /* main.m */,
				DFFBC797195FB201007412CF /* GoferUI.xib */,
			);
			path = Cocoa;
			sourceTree = SOURCE_ROOT;
		};
		DF7553C5136DE8BA00DDF1FE = {
			isa = PBXGroup;
			children = (
				DF755408136DEA7000DDF1FE /* Gofer.icns */,
				DF7553DA136DE8BB00DDF1FE /* Gofer */,
				DF7553F5136DE8BB00DDF1FE /* GoferTests */,
				DF7553D3136DE8BB00DDF1FE /* Frameworks */,
				DF7553D1136DE8BB00DDF1FE /* Products */,
			);
			sourceTree = "<group>";
		};
		DF7553D1136DE8BB00DDF1FE /* Products */ = {
			isa = PBXGroup;
			children = (
				DF7553D0136DE8BB00DDF1FE /* Gofer.app */,
				DF7553F1136DE8BB00DDF1FE /* GoferTests.octest */,
			);
			name = Products;
			sourceTree = "<group>";
		};
		DF7553D3136DE8BB00DDF1FE /* Frameworks */ = {
			isa = PBXGroup;
			children = (
				DF3CB1FC19624FA9003BC2DC /* Cocoa.framework */,
				DF3CB1FD19624FA9003BC2DC /* AppKit.framework */,
				DF3CB1FE19624FA9003BC2DC /* CoreData.framework */,
				DF3CB1FF19624FA9003BC2DC /* Foundation.framework */,
			);
			name = Frameworks;
			sourceTree = "<group>";
		};
		DF7553DA136DE8BB00DDF1FE /* Gofer */ = {
			isa = PBXGroup;
			children = (
				DF4E91F513AD2A1D007F3E0F /* Cocoa */,
				DF2B5CA71370D34900122E43 /* libgofer */,
			);
			path = Gofer;
			sourceTree = "<group>";
		};
		DF7553F5136DE8BB00DDF1FE /* GoferTests */ = {
			isa = PBXGroup;
			children = (
				DF7553FC136DE8BB00DDF1FE /* GoferTests.h */,
				DF7553FE136DE8BB00DDF1FE /* GoferTests.m */,
				DF7553F6136DE8BB00DDF1FE /* Supporting Files */,
			);
			path = GoferTests;
			sourceTree = "<group>";
		};
		DF7553F6136DE8BB00DDF1FE /* Supporting Files */ = {
			isa = PBXGroup;
			children = (
				DF7553F7136DE8BB00DDF1FE /* GoferTests-Info.plist */,
				DF7553F8136DE8BB00DDF1FE /* InfoPlist.strings */,
				DF7553FB136DE8BB00DDF1FE /* GoferTests-Prefix.pch */,
			);
			name = "Supporting Files";
			sourceTree = "<group>";
		};
/* End PBXGroup section */

/* Begin PBXNativeTarget section */
		DF7553CF136DE8BB00DDF1FE /* Gofer */ = {
			isa = PBXNativeTarget;
			buildConfigurationList = DF755402136DE8BB00DDF1FE /* Build configuration list for PBXNativeTarget "Gofer" */;
			buildPhases = (
				DF7553CC136DE8BB00DDF1FE /* Sources */,
				DF7553CD136DE8BB00DDF1FE /* Frameworks */,
				DF7553CE136DE8BB00DDF1FE /* Resources */,
			);
			buildRules = (
			);
			dependencies = (
			);
			name = Gofer;
			productName = Gofer;
			productReference = DF7553D0136DE8BB00DDF1FE /* Gofer.app */;
			productType = "com.apple.product-type.application";
		};
		DF7553F0136DE8BB00DDF1FE /* GoferTests */ = {
			isa = PBXNativeTarget;
			buildConfigurationList = DF755405136DE8BB00DDF1FE /* Build configuration list for PBXNativeTarget "GoferTests" */;
			buildPhases = (
				DF7553EC136DE8BB00DDF1FE /* Sources */,
				DF7553ED136DE8BB00DDF1FE /* Frameworks */,
				DF7553EE136DE8BB00DDF1FE /* Resources */,
				DF7553EF136DE8BB00DDF1FE /* ShellScript */,
			);
			buildRules = (
			);
			dependencies = (
				DF7553F4136DE8BB00DDF1FE /* PBXTargetDependency */,
			);
			name = GoferTests;
			productName = GoferTests;
			productReference = DF7553F1136DE8BB00DDF1FE /* GoferTests.octest */;
			productType = "com.apple.product-type.bundle.ocunit-test";
		};
/* End PBXNativeTarget section */

/* Begin PBXProject section */
		DF7553C7136DE8BA00DDF1FE /* Project object */ = {
			isa = PBXProject;
			attributes = {
				LastUpgradeCheck = 0930;
				ORGANIZATIONNAME = "Diamond Mountain";
				TargetAttributes = {
					DF7553CF136DE8BB00DDF1FE = {
						DevelopmentTeam = Q7DSZMCUN9;
					};
					DF7553F0136DE8BB00DDF1FE = {
						DevelopmentTeam = Q7DSZMCUN9;
					};
				};
			};
			buildConfigurationList = DF7553CA136DE8BA00DDF1FE /* Build configuration list for PBXProject "Gofer" */;
			compatibilityVersion = "Xcode 3.2";
			developmentRegion = English;
			hasScannedForEncodings = 0;
			knownRegions = (
				en,
			);
			mainGroup = DF7553C5136DE8BA00DDF1FE;
			productRefGroup = DF7553D1136DE8BB00DDF1FE /* Products */;
			projectDirPath = "";
			projectRoot = "";
			targets = (
				DF7553CF136DE8BB00DDF1FE /* Gofer */,
				DF7553F0136DE8BB00DDF1FE /* GoferTests */,
			);
		};
/* End PBXProject section */

/* Begin PBXResourcesBuildPhase section */
		DF7553CE136DE8BB00DDF1FE /* Resources */ = {
			isa = PBXResourcesBuildPhase;
			buildActionMask = 2147483647;
			files = (
				DF0B1DE52088047000B53C1A /* (null) in Resources */,
				DF755409136DEA7000DDF1FE /* Gofer.icns in Resources */,
				DFFBC798195FB201007412CF /* GoferUI.xib in Resources */,
				DF4E920113AD2A1D007F3E0F /* Credits.rtf in Resources */,
				DF4E920213AD2A1D007F3E0F /* InfoPlist.strings in Resources */,
				DF4E920313AD2A1D007F3E0F /* MainMenu.xib in Resources */,
			);
			runOnlyForDeploymentPostprocessing = 0;
		};
		DF7553EE136DE8BB00DDF1FE /* Resources */ = {
			isa = PBXResourcesBuildPhase;
			buildActionMask = 2147483647;
			files = (
				DF7553FA136DE8BB00DDF1FE /* InfoPlist.strings in Resources */,
				DF7553FD136DE8BB00DDF1FE /* GoferTests.h in Resources */,
			);
			runOnlyForDeploymentPostprocessing = 0;
		};
/* End PBXResourcesBuildPhase section */

/* Begin PBXShellScriptBuildPhase section */
		DF7553EF136DE8BB00DDF1FE /* ShellScript */ = {
			isa = PBXShellScriptBuildPhase;
			buildActionMask = 2147483647;
			files = (
			);
			inputPaths = (
			);
			outputPaths = (
			);
			runOnlyForDeploymentPostprocessing = 0;
			shellPath = /bin/sh;
			shellScript = "# Run the unit tests in this test bundle.\n\"${SYSTEM_DEVELOPER_DIR}/Tools/RunUnitTests\"\n";
		};
/* End PBXShellScriptBuildPhase section */

/* Begin PBXSourcesBuildPhase section */
		DF7553CC136DE8BB00DDF1FE /* Sources */ = {
			isa = PBXSourcesBuildPhase;
			buildActionMask = 2147483647;
			files = (
				DF2B5D951370D3CC00122E43 /* combine.c in Sources */,
				DF2B5D961370D3CC00122E43 /* errwarn.c in Sources */,
				DF2B5D971370D3CC00122E43 /* expr.c in Sources */,
				DF2B5D981370D3CC00122E43 /* filelist.c in Sources */,
				DF2B5D991370D3CC00122E43 /* lex.c in Sources */,
				DF1E6BE820880502002856F1 /* unicode.c in Sources */,
				DF2B5D9B1370D3CC00122E43 /* near.c in Sources */,
				DF2B5D9D1370D3CC00122E43 /* searchfile.c in Sources */,
				DF2B5D9E1370D3CC00122E43 /* tree.c in Sources */,
				DF4E920513AD2A1D007F3E0F /* GoferAppDelegate.m in Sources */,
				DF4E920613AD2A1D007F3E0F /* main.m in Sources */,
				DF57EBD416D2F0FC00E09039 /* GoferUI.m in Sources */,
				DFD6477F16D5CA1B00016AAE /* WinDelegate.m in Sources */,
				DF19A8D1172D7B89005BC075 /* GoferWindow.m in Sources */,
			);
			runOnlyForDeploymentPostprocessing = 0;
		};
		DF7553EC136DE8BB00DDF1FE /* Sources */ = {
			isa = PBXSourcesBuildPhase;
			buildActionMask = 2147483647;
			files = (
				DF7553FF136DE8BB00DDF1FE /* GoferTests.m in Sources */,
			);
			runOnlyForDeploymentPostprocessing = 0;
		};
/* End PBXSourcesBuildPhase section */

/* Begin PBXTargetDependency section */
		DF7553F4136DE8BB00DDF1FE /* PBXTargetDependency */ = {
			isa = PBXTargetDependency;
			target = DF7553CF136DE8BB00DDF1FE /* Gofer */;
			targetProxy = DF7553F3136DE8BB00DDF1FE /* PBXContainerItemProxy */;
		};
/* End PBXTargetDependency section */

/* Begin PBXVariantGroup section */
		DF4E91F613AD2A1D007F3E0F /* Credits.rtf */ = {
			isa = PBXVariantGroup;
			children = (
				DF4E91F713AD2A1D007F3E0F /* en */,
			);
			name = Credits.rtf;
			sourceTree = "<group>";
		};
		DF4E91F813AD2A1D007F3E0F /* InfoPlist.strings */ = {
			isa = PBXVariantGroup;
			children = (
				DF4E91F913AD2A1D007F3E0F /* en */,
			);
			name = InfoPlist.strings;
			sourceTree = "<group>";
		};
		DF4E91FA13AD2A1D007F3E0F /* MainMenu.xib */ = {
			isa = PBXVariantGroup;
			children = (
				DF4E91FB13AD2A1D007F3E0F /* en */,
			);
			name = MainMenu.xib;
			sourceTree = "<group>";
		};
		DF7553F8136DE8BB00DDF1FE /* InfoPlist.strings */ = {
			isa = PBXVariantGroup;
			children = (
				DF7553F9136DE8BB00DDF1FE /* en */,
			);
			name = InfoPlist.strings;
			sourceTree = "<group>";
		};
/* End PBXVariantGroup section */

/* Begin XCBuildConfiguration section */
		DF755400136DE8BB00DDF1FE /* Debug */ = {
			isa = XCBuildConfiguration;
			buildSettings = {
				CLANG_WARN_BLOCK_CAPTURE_AUTORELEASING = YES;
				CLANG_WARN_BOOL_CONVERSION = YES;
				CLANG_WARN_COMMA = YES;
				CLANG_WARN_CONSTANT_CONVERSION = YES;
				CLANG_WARN_DEPRECATED_OBJC_IMPLEMENTATIONS = YES;
				CLANG_WARN_EMPTY_BODY = YES;
				CLANG_WARN_ENUM_CONVERSION = YES;
				CLANG_WARN_INFINITE_RECURSION = YES;
				CLANG_WARN_INT_CONVERSION = YES;
				CLANG_WARN_NON_LITERAL_NULL_CONVERSION = YES;
				CLANG_WARN_OBJC_IMPLICIT_RETAIN_SELF = YES;
				CLANG_WARN_OBJC_LITERAL_CONVERSION = YES;
				CLANG_WARN_RANGE_LOOP_ANALYSIS = YES;
				CLANG_WARN_STRICT_PROTOTYPES = YES;
				CLANG_WARN_SUSPICIOUS_MOVE = YES;
				CLANG_WARN_UNREACHABLE_CODE = YES;
				CLANG_WARN__DUPLICATE_METHOD_MATCH = YES;
				ENABLE_STRICT_OBJC_MSGSEND = YES;
				ENABLE_TESTABILITY = YES;
				GCC_C_LANGUAGE_STANDARD = gnu99;
				GCC_NO_COMMON_BLOCKS = YES;
				GCC_OPTIMIZATION_LEVEL = 0;
				GCC_PREPROCESSOR_DEFINITIONS = "DEBUG=1";
				GCC_SYMBOLS_PRIVATE_EXTERN = NO;
				GCC_VERSION = "";
				GCC_WARN_64_TO_32_BIT_CONVERSION = YES;
				GCC_WARN_ABOUT_RETURN_TYPE = YES;
				GCC_WARN_UNDECLARED_SELECTOR = YES;
				GCC_WARN_UNINITIALIZED_AUTOS = YES;
				GCC_WARN_UNUSED_FUNCTION = YES;
				GCC_WARN_UNUSED_VARIABLE = YES;
				MACOSX_DEPLOYMENT_TARGET = 10.10;
				ONLY_ACTIVE_ARCH = YES;
				PROVISIONING_PROFILE = "";
				SDKROOT = macosx;
				STRIP_INSTALLED_PRODUCT = NO;
			};
			name = Debug;
		};
		DF755401136DE8BB00DDF1FE /* Release */ = {
			isa = XCBuildConfiguration;
			buildSettings = {
				CLANG_WARN_BLOCK_CAPTURE_AUTORELEASING = YES;
				CLANG_WARN_BOOL_CONVERSION = YES;
				CLANG_WARN_COMMA = YES;
				CLANG_WARN_CONSTANT_CONVERSION = YES;
				CLANG_WARN_DEPRECATED_OBJC_IMPLEMENTATIONS = YES;
				CLANG_WARN_EMPTY_BODY = YES;
				CLANG_WARN_ENUM_CONVERSION = YES;
				CLANG_WARN_INFINITE_RECURSION = YES;
				CLANG_WARN_INT_CONVERSION = YES;
				CLANG_WARN_NON_LITERAL_NULL_CONVERSION = YES;
				CLANG_WARN_OBJC_IMPLICIT_RETAIN_SELF = YES;
				CLANG_WARN_OBJC_LITERAL_CONVERSION = YES;
				CLANG_WARN_RANGE_LOOP_ANALYSIS = YES;
				CLANG_WARN_STRICT_PROTOTYPES = YES;
				CLANG_WARN_SUSPICIOUS_MOVE = YES;
				CLANG_WARN_UNREACHABLE_CODE = YES;
				CLANG_WARN__DUPLICATE_METHOD_MATCH = YES;
				ENABLE_STRICT_OBJC_MSGSEND = YES;
				GCC_C_LANGUAGE_STANDARD = gnu99;
				GCC_NO_COMMON_BLOCKS = YES;
				GCC_VERSION = "";
				GCC_WARN_64_TO_32_BIT_CONVERSION = YES;
				GCC_WARN_ABOUT_RETURN_TYPE = YES;
				GCC_WARN_UNDECLARED_SELECTOR = YES;
				GCC_WARN_UNINITIALIZED_AUTOS = YES;
				GCC_WARN_UNUSED_FUNCTION = YES;
				GCC_WARN_UNUSED_VARIABLE = YES;
				MACOSX_DEPLOYMENT_TARGET = 10.10;
				ONLY_ACTIVE_ARCH = YES;
				PROVISIONING_PROFILE = "";
				SDKROOT = macosx;
				STRIP_INSTALLED_PRODUCT = NO;
			};
			name = Release;
		};
		DF755403136DE8BB00DDF1FE /* Debug */ = {
			isa = XCBuildConfiguration;
			buildSettings = {
				ALWAYS_SEARCH_USER_PATHS = NO;
				CLANG_ENABLE_OBJC_ARC = YES;
				CLANG_WARN_OBJC_RECEIVER_WEAK = YES;
				CODE_SIGN_IDENTITY = "Mac Developer";
				"CODE_SIGN_IDENTITY[sdk=macosx*]" = "Mac Developer";
				COMBINE_HIDPI_IMAGES = YES;
				COPY_PHASE_STRIP = NO;
				GCC_DYNAMIC_NO_PIC = NO;
				GCC_ENABLE_OBJC_EXCEPTIONS = YES;
				GCC_PRECOMPILE_PREFIX_HEADER = YES;
				GCC_PREFIX_HEADER = "Cocoa/Gofer-Prefix.pch";
				INFOPLIST_FILE = "Cocoa/Gofer-Info.plist";
				LIBRARY_SEARCH_PATHS = (
					"$(inherited)",
					"\"$(SRCROOT)\"",
				);
				MACOSX_DEPLOYMENT_TARGET = 10.8;
				PRODUCT_BUNDLE_IDENTIFIER = "com.fugue.${PRODUCT_NAME:rfc1034identifier}";
				PRODUCT_NAME = "$(TARGET_NAME)";
				PROVISIONING_PROFILE = "";
				SDKROOT = macosx;
				WRAPPER_EXTENSION = app;
			};
			name = Debug;
		};
		DF755404136DE8BB00DDF1FE /* Release */ = {
			isa = XCBuildConfiguration;
			buildSettings = {
				ALWAYS_SEARCH_USER_PATHS = NO;
				CLANG_ENABLE_OBJC_ARC = YES;
				CLANG_WARN_OBJC_RECEIVER_WEAK = YES;
				CODE_SIGN_IDENTITY = "Mac Developer";
				"CODE_SIGN_IDENTITY[sdk=macosx*]" = "Mac Developer";
				COMBINE_HIDPI_IMAGES = YES;
				COPY_PHASE_STRIP = YES;
				DEBUG_INFORMATION_FORMAT = "dwarf-with-dsym";
				GCC_ENABLE_OBJC_EXCEPTIONS = YES;
				GCC_PRECOMPILE_PREFIX_HEADER = YES;
				GCC_PREFIX_HEADER = "Cocoa/Gofer-Prefix.pch";
				INFOPLIST_FILE = "Cocoa/Gofer-Info.plist";
				LIBRARY_SEARCH_PATHS = (
					"$(inherited)",
					"\"$(SRCROOT)\"",
				);
				MACOSX_DEPLOYMENT_TARGET = 10.8;
				PRODUCT_BUNDLE_IDENTIFIER = "com.fugue.${PRODUCT_NAME:rfc1034identifier}";
				PRODUCT_NAME = "$(TARGET_NAME)";
				PROVISIONING_PROFILE = "";
				SDKROOT = macosx;
				WRAPPER_EXTENSION = app;
			};
			name = Release;
		};
		DF755406136DE8BB00DDF1FE /* Debug */ = {
			isa = XCBuildConfiguration;
			buildSettings = {
				ALWAYS_SEARCH_USER_PATHS = NO;
				BUNDLE_LOADER = "$(BUILT_PRODUCTS_DIR)/Gofer.app/Contents/MacOS/Gofer";
				CLANG_ENABLE_OBJC_WEAK = YES;
				CODE_SIGN_IDENTITY = "Mac Developer";
				"CODE_SIGN_IDENTITY[sdk=macosx*]" = "Mac Developer";
				COMBINE_HIDPI_IMAGES = YES;
				COPY_PHASE_STRIP = NO;
				FRAMEWORK_SEARCH_PATHS = "$(DEVELOPER_LIBRARY_DIR)/Frameworks";
				GCC_DYNAMIC_NO_PIC = NO;
				GCC_ENABLE_OBJC_EXCEPTIONS = YES;
				GCC_PRECOMPILE_PREFIX_HEADER = YES;
				GCC_PREFIX_HEADER = "GoferTests/GoferTests-Prefix.pch";
				INFOPLIST_FILE = "GoferTests/GoferTests-Info.plist";
				OTHER_LDFLAGS = (
					"-framework",
					SenTestingKit,
				);
				PRODUCT_BUNDLE_IDENTIFIER = "com.fugue.${PRODUCT_NAME:rfc1034identifier}";
				PRODUCT_NAME = "$(TARGET_NAME)";
				PROVISIONING_PROFILE = "";
				TEST_HOST = "$(BUNDLE_LOADER)";
				WRAPPER_EXTENSION = octest;
			};
			name = Debug;
		};
		DF755407136DE8BB00DDF1FE /* Release */ = {
			isa = XCBuildConfiguration;
			buildSettings = {
				ALWAYS_SEARCH_USER_PATHS = NO;
				BUNDLE_LOADER = "$(BUILT_PRODUCTS_DIR)/Gofer.app/Contents/MacOS/Gofer";
				CLANG_ENABLE_OBJC_WEAK = YES;
				CODE_SIGN_IDENTITY = "Mac Developer";
				"CODE_SIGN_IDENTITY[sdk=macosx*]" = "Mac Developer";
				COMBINE_HIDPI_IMAGES = YES;
				COPY_PHASE_STRIP = YES;
				DEBUG_INFORMATION_FORMAT = "dwarf-with-dsym";
				FRAMEWORK_SEARCH_PATHS = "$(DEVELOPER_LIBRARY_DIR)/Frameworks";
				GCC_ENABLE_OBJC_EXCEPTIONS = YES;
				GCC_PRECOMPILE_PREFIX_HEADER = YES;
				GCC_PREFIX_HEADER = "GoferTests/GoferTests-Prefix.pch";
				INFOPLIST_FILE = "GoferTests/GoferTests-Info.plist";
				OTHER_LDFLAGS = (
					"-framework",
					SenTestingKit,
				);
				PRODUCT_BUNDLE_IDENTIFIER = "com.fugue.${PRODUCT_NAME:rfc1034identifier}";
				PRODUCT_NAME = "$(TARGET_NAME)";
				PROVISIONING_PROFILE = "";
				TEST_HOST = "$(BUNDLE_LOADER)";
				WRAPPER_EXTENSION = octest;
			};
			name = Release;
		};
/* End XCBuildConfiguration section */

/* Begin XCConfigurationList section */
		DF7553CA136DE8BA00DDF1FE /* Build configuration list for PBXProject "Gofer" */ = {
			isa = XCConfigurationList;
			buildConfigurations = (
				DF755400136DE8BB00DDF1FE /* Debug */,
				DF755401136DE8BB00DDF1FE /* Release */,
			);
			defaultConfigurationIsVisible = 0;
			defaultConfigurationName = Release;
		};
		DF755402136DE8BB00DDF1FE /* Build configuration list for PBXNativeTarget "Gofer" */ = {
			isa = XCConfigurationList;
			buildConfigurations = (
				DF755403136DE8BB00DDF1FE /* Debug */,
				DF755404136DE8BB00DDF1FE /* Release */,
			);
			defaultConfigurationIsVisible = 0;
			defaultConfigurationName = Release;
		};
		DF755405136DE8BB00DDF1FE /* Build configuration list for PBXNativeTarget "GoferTests" */ = {
			isa = XCConfigurationList;
			buildConfigurations = (
				DF755406136DE8BB00DDF1FE /* Debug */,
				DF755407136DE8BB00DDF1FE /* Release */,
			);
			defaultConfigurationIsVisible = 0;
			defaultConfigurationName = Release;
		};
/* End XCConfigurationList section */
	};
	rootObject = DF7553C7136DE8BA00DDF1FE /* Project object */;
}
